// !$*UTF8*$!
{
	archiveVersion = 1;
	classes = {
	};
	objectVersion = 48;
	objects = {

/* Begin PBXBuildFile section */
		0D856E65EC4392B3C12B335C /* Pods_ChatApplication2018.framework in Frameworks */ = {isa = PBXBuildFile; fileRef = 7032B7940281C2EFA5938EF5 /* Pods_ChatApplication2018.framework */; };
		B113111B20F8D5810038FDD3 /* XMPPRosterTests.swift in Sources */ = {isa = PBXBuildFile; fileRef = B113111A20F8D5810038FDD3 /* XMPPRosterTests.swift */; };
		B11594D3210F90C400E8AA01 /* MessageTableViewCell.swift in Sources */ = {isa = PBXBuildFile; fileRef = B11594D2210F90C400E8AA01 /* MessageTableViewCell.swift */; };
		B11594D52113846A00E8AA01 /* AddChatViewController.swift in Sources */ = {isa = PBXBuildFile; fileRef = B11594D42113846A00E8AA01 /* AddChatViewController.swift */; };
		B11594D72115F53100E8AA01 /* XMPPRegister.swift in Sources */ = {isa = PBXBuildFile; fileRef = B11594D62115F53100E8AA01 /* XMPPRegister.swift */; };
		B11594D92115FB3000E8AA01 /* RegisterViewController.swift in Sources */ = {isa = PBXBuildFile; fileRef = B11594D82115FB3000E8AA01 /* RegisterViewController.swift */; };
		B12E84FA20D849AE00B2BC67 /* Constants.swift in Sources */ = {isa = PBXBuildFile; fileRef = B12E84F920D849AE00B2BC67 /* Constants.swift */; };
		B132A7ED2121A102006A0F67 /* XMPPControllerTestv2.swift in Sources */ = {isa = PBXBuildFile; fileRef = B132A7EC2121A102006A0F67 /* XMPPControllerTestv2.swift */; };
		B132A7FA2131B57E006A0F67 /* Log.swift in Sources */ = {isa = PBXBuildFile; fileRef = B132A7F92131B57E006A0F67 /* Log.swift */; };
		B132A7FC2131B613006A0F67 /* Global.swift in Sources */ = {isa = PBXBuildFile; fileRef = B132A7FB2131B613006A0F67 /* Global.swift */; };
		B132A7FE214C2940006A0F67 /* XMPPMessageTests.swift in Sources */ = {isa = PBXBuildFile; fileRef = B132A7FD214C2940006A0F67 /* XMPPMessageTests.swift */; };
		B1C631B620BC4B6700CE9F62 /* AppDelegate.swift in Sources */ = {isa = PBXBuildFile; fileRef = B1C631B520BC4B6700CE9F62 /* AppDelegate.swift */; };
		B1C631BB20BC4B6700CE9F62 /* Main.storyboard in Resources */ = {isa = PBXBuildFile; fileRef = B1C631B920BC4B6700CE9F62 /* Main.storyboard */; };
		B1C631BD20BC4B6700CE9F62 /* Assets.xcassets in Resources */ = {isa = PBXBuildFile; fileRef = B1C631BC20BC4B6700CE9F62 /* Assets.xcassets */; };
		B1C631C020BC4B6700CE9F62 /* LaunchScreen.storyboard in Resources */ = {isa = PBXBuildFile; fileRef = B1C631BE20BC4B6700CE9F62 /* LaunchScreen.storyboard */; };
		B1C631C820BC4E7400CE9F62 /* LoginViewController.swift in Sources */ = {isa = PBXBuildFile; fileRef = B1C631C720BC4E7400CE9F62 /* LoginViewController.swift */; };
		B1C631CA20BC4F5900CE9F62 /* XMPPController.swift in Sources */ = {isa = PBXBuildFile; fileRef = B1C631C920BC4F5900CE9F62 /* XMPPController.swift */; };
		B1C631D220C3FC7000CE9F62 /* ChatsViewController.swift in Sources */ = {isa = PBXBuildFile; fileRef = B1C631D120C3FC7000CE9F62 /* ChatsViewController.swift */; };
		B1C631D420C3FC8500CE9F62 /* SettingsViewController.swift in Sources */ = {isa = PBXBuildFile; fileRef = B1C631D320C3FC8500CE9F62 /* SettingsViewController.swift */; };
		B1C631D620C3FDE300CE9F62 /* HomeTabBarController.swift in Sources */ = {isa = PBXBuildFile; fileRef = B1C631D520C3FDE300CE9F62 /* HomeTabBarController.swift */; };
		B1C631D820C42CC100CE9F62 /* CFNetwork.framework in Frameworks */ = {isa = PBXBuildFile; fileRef = B1C631D720C42CC100CE9F62 /* CFNetwork.framework */; };
		B1C631DA20C42CEA00CE9F62 /* Security.framework in Frameworks */ = {isa = PBXBuildFile; fileRef = B1C631D920C42CEA00CE9F62 /* Security.framework */; };
		B1D72DE320D5780E00EF1FC6 /* ChatsTableViewCell.swift in Sources */ = {isa = PBXBuildFile; fileRef = B1D72DE220D5780E00EF1FC6 /* ChatsTableViewCell.swift */; };
		B1FFA37120FE673900ED56BA /* ChatViewController.swift in Sources */ = {isa = PBXBuildFile; fileRef = B1FFA37020FE673900ED56BA /* ChatViewController.swift */; };
		E2CF3F29F38650E6DED7C019 /* Pods_ChatApplication2018Tests.framework in Frameworks */ = {isa = PBXBuildFile; fileRef = ACAFD8AAF8A5501E13C1ED9F /* Pods_ChatApplication2018Tests.framework */; };
/* End PBXBuildFile section */

/* Begin PBXContainerItemProxy section */
		B12D51FB20EA4CD100841AB1 /* PBXContainerItemProxy */ = {
			isa = PBXContainerItemProxy;
			containerPortal = B1C631AA20BC4B6700CE9F62 /* Project object */;
			proxyType = 1;
			remoteGlobalIDString = B1C631B120BC4B6700CE9F62;
			remoteInfo = ChatApplication2018;
		};
/* End PBXContainerItemProxy section */

/* Begin PBXFileReference section */
		39B0F9CA17D776E3FEEA79D2 /* Pods-ChatApplication2018Tests.debug.xcconfig */ = {isa = PBXFileReference; includeInIndex = 1; lastKnownFileType = text.xcconfig; name = "Pods-ChatApplication2018Tests.debug.xcconfig"; path = "Pods/Target Support Files/Pods-ChatApplication2018Tests/Pods-ChatApplication2018Tests.debug.xcconfig"; sourceTree = "<group>"; };
		3EFA89FBBCE3661C0FF37AC7 /* Pods-ChatApplication2018Tests.release.xcconfig */ = {isa = PBXFileReference; includeInIndex = 1; lastKnownFileType = text.xcconfig; name = "Pods-ChatApplication2018Tests.release.xcconfig"; path = "Pods/Target Support Files/Pods-ChatApplication2018Tests/Pods-ChatApplication2018Tests.release.xcconfig"; sourceTree = "<group>"; };
		4B0029CE60261E58282212B1 /* Pods-ChatApplication2018.debug.xcconfig */ = {isa = PBXFileReference; includeInIndex = 1; lastKnownFileType = text.xcconfig; name = "Pods-ChatApplication2018.debug.xcconfig"; path = "Pods/Target Support Files/Pods-ChatApplication2018/Pods-ChatApplication2018.debug.xcconfig"; sourceTree = "<group>"; };
		7032B7940281C2EFA5938EF5 /* Pods_ChatApplication2018.framework */ = {isa = PBXFileReference; explicitFileType = wrapper.framework; includeInIndex = 0; path = Pods_ChatApplication2018.framework; sourceTree = BUILT_PRODUCTS_DIR; };
		ACAFD8AAF8A5501E13C1ED9F /* Pods_ChatApplication2018Tests.framework */ = {isa = PBXFileReference; explicitFileType = wrapper.framework; includeInIndex = 0; path = Pods_ChatApplication2018Tests.framework; sourceTree = BUILT_PRODUCTS_DIR; };
		B113111A20F8D5810038FDD3 /* XMPPRosterTests.swift */ = {isa = PBXFileReference; lastKnownFileType = sourcecode.swift; path = XMPPRosterTests.swift; sourceTree = "<group>"; };
		B11594D2210F90C400E8AA01 /* MessageTableViewCell.swift */ = {isa = PBXFileReference; lastKnownFileType = sourcecode.swift; path = MessageTableViewCell.swift; sourceTree = "<group>"; };
		B11594D42113846A00E8AA01 /* AddChatViewController.swift */ = {isa = PBXFileReference; lastKnownFileType = sourcecode.swift; path = AddChatViewController.swift; sourceTree = "<group>"; };
		B11594D62115F53100E8AA01 /* XMPPRegister.swift */ = {isa = PBXFileReference; lastKnownFileType = sourcecode.swift; path = XMPPRegister.swift; sourceTree = "<group>"; };
		B11594D82115FB3000E8AA01 /* RegisterViewController.swift */ = {isa = PBXFileReference; lastKnownFileType = sourcecode.swift; path = RegisterViewController.swift; sourceTree = "<group>"; };
		B12D51F620EA4CD100841AB1 /* ChatApplication2018Tests.xctest */ = {isa = PBXFileReference; explicitFileType = wrapper.cfbundle; includeInIndex = 0; path = ChatApplication2018Tests.xctest; sourceTree = BUILT_PRODUCTS_DIR; };
		B12D51FA20EA4CD100841AB1 /* Info.plist */ = {isa = PBXFileReference; lastKnownFileType = text.plist.xml; path = Info.plist; sourceTree = "<group>"; };
		B12E84F920D849AE00B2BC67 /* Constants.swift */ = {isa = PBXFileReference; lastKnownFileType = sourcecode.swift; path = Constants.swift; sourceTree = "<group>"; };
		B132A7EC2121A102006A0F67 /* XMPPControllerTestv2.swift */ = {isa = PBXFileReference; lastKnownFileType = sourcecode.swift; path = XMPPControllerTestv2.swift; sourceTree = "<group>"; };
		B132A7F92131B57E006A0F67 /* Log.swift */ = {isa = PBXFileReference; lastKnownFileType = sourcecode.swift; path = Log.swift; sourceTree = "<group>"; };
		B132A7FB2131B613006A0F67 /* Global.swift */ = {isa = PBXFileReference; lastKnownFileType = sourcecode.swift; path = Global.swift; sourceTree = "<group>"; };
		B132A7FD214C2940006A0F67 /* XMPPMessageTests.swift */ = {isa = PBXFileReference; lastKnownFileType = sourcecode.swift; path = XMPPMessageTests.swift; sourceTree = "<group>"; };
		B1C631B220BC4B6700CE9F62 /* ChatApplication2018.app */ = {isa = PBXFileReference; explicitFileType = wrapper.application; includeInIndex = 0; path = ChatApplication2018.app; sourceTree = BUILT_PRODUCTS_DIR; };
		B1C631B520BC4B6700CE9F62 /* AppDelegate.swift */ = {isa = PBXFileReference; lastKnownFileType = sourcecode.swift; path = AppDelegate.swift; sourceTree = "<group>"; };
		B1C631BA20BC4B6700CE9F62 /* Base */ = {isa = PBXFileReference; lastKnownFileType = file.storyboard; name = Base; path = Base.lproj/Main.storyboard; sourceTree = "<group>"; };
		B1C631BC20BC4B6700CE9F62 /* Assets.xcassets */ = {isa = PBXFileReference; lastKnownFileType = folder.assetcatalog; path = Assets.xcassets; sourceTree = "<group>"; };
		B1C631BF20BC4B6700CE9F62 /* Base */ = {isa = PBXFileReference; lastKnownFileType = file.storyboard; name = Base; path = Base.lproj/LaunchScreen.storyboard; sourceTree = "<group>"; };
		B1C631C120BC4B6700CE9F62 /* Info.plist */ = {isa = PBXFileReference; lastKnownFileType = text.plist.xml; path = Info.plist; sourceTree = "<group>"; };
		B1C631C720BC4E7400CE9F62 /* LoginViewController.swift */ = {isa = PBXFileReference; lastKnownFileType = sourcecode.swift; path = LoginViewController.swift; sourceTree = "<group>"; };
		B1C631C920BC4F5900CE9F62 /* XMPPController.swift */ = {isa = PBXFileReference; lastKnownFileType = sourcecode.swift; path = XMPPController.swift; sourceTree = "<group>"; };
		B1C631D120C3FC7000CE9F62 /* ChatsViewController.swift */ = {isa = PBXFileReference; lastKnownFileType = sourcecode.swift; path = ChatsViewController.swift; sourceTree = "<group>"; };
		B1C631D320C3FC8500CE9F62 /* SettingsViewController.swift */ = {isa = PBXFileReference; lastKnownFileType = sourcecode.swift; path = SettingsViewController.swift; sourceTree = "<group>"; };
		B1C631D520C3FDE300CE9F62 /* HomeTabBarController.swift */ = {isa = PBXFileReference; lastKnownFileType = sourcecode.swift; path = HomeTabBarController.swift; sourceTree = "<group>"; };
		B1C631D720C42CC100CE9F62 /* CFNetwork.framework */ = {isa = PBXFileReference; lastKnownFileType = wrapper.framework; name = CFNetwork.framework; path = System/Library/Frameworks/CFNetwork.framework; sourceTree = SDKROOT; };
		B1C631D920C42CEA00CE9F62 /* Security.framework */ = {isa = PBXFileReference; lastKnownFileType = wrapper.framework; name = Security.framework; path = System/Library/Frameworks/Security.framework; sourceTree = SDKROOT; };
		B1D72DE220D5780E00EF1FC6 /* ChatsTableViewCell.swift */ = {isa = PBXFileReference; lastKnownFileType = sourcecode.swift; path = ChatsTableViewCell.swift; sourceTree = "<group>"; };
		B1FFA37020FE673900ED56BA /* ChatViewController.swift */ = {isa = PBXFileReference; lastKnownFileType = sourcecode.swift; path = ChatViewController.swift; sourceTree = "<group>"; };
		C14452E8908839668D20F5AA /* Pods-ChatApplication2018.release.xcconfig */ = {isa = PBXFileReference; includeInIndex = 1; lastKnownFileType = text.xcconfig; name = "Pods-ChatApplication2018.release.xcconfig"; path = "Pods/Target Support Files/Pods-ChatApplication2018/Pods-ChatApplication2018.release.xcconfig"; sourceTree = "<group>"; };
/* End PBXFileReference section */

/* Begin PBXFrameworksBuildPhase section */
		B12D51F320EA4CD100841AB1 /* Frameworks */ = {
			isa = PBXFrameworksBuildPhase;
			buildActionMask = 2147483647;
			files = (
				E2CF3F29F38650E6DED7C019 /* Pods_ChatApplication2018Tests.framework in Frameworks */,
			);
			runOnlyForDeploymentPostprocessing = 0;
		};
		B1C631AF20BC4B6700CE9F62 /* Frameworks */ = {
			isa = PBXFrameworksBuildPhase;
			buildActionMask = 2147483647;
			files = (
				B1C631DA20C42CEA00CE9F62 /* Security.framework in Frameworks */,
				B1C631D820C42CC100CE9F62 /* CFNetwork.framework in Frameworks */,
				0D856E65EC4392B3C12B335C /* Pods_ChatApplication2018.framework in Frameworks */,
			);
			runOnlyForDeploymentPostprocessing = 0;
		};
/* End PBXFrameworksBuildPhase section */

/* Begin PBXGroup section */
		637696CEEEAD4B4E7CC21201 /* Pods */ = {
			isa = PBXGroup;
			children = (
				4B0029CE60261E58282212B1 /* Pods-ChatApplication2018.debug.xcconfig */,
				C14452E8908839668D20F5AA /* Pods-ChatApplication2018.release.xcconfig */,
				39B0F9CA17D776E3FEEA79D2 /* Pods-ChatApplication2018Tests.debug.xcconfig */,
				3EFA89FBBCE3661C0FF37AC7 /* Pods-ChatApplication2018Tests.release.xcconfig */,
			);
			name = Pods;
			sourceTree = "<group>";
		};
		A21A99D3B5C1273815F7C42B /* Frameworks */ = {
			isa = PBXGroup;
			children = (
				B1C631D920C42CEA00CE9F62 /* Security.framework */,
				B1C631D720C42CC100CE9F62 /* CFNetwork.framework */,
				7032B7940281C2EFA5938EF5 /* Pods_ChatApplication2018.framework */,
				ACAFD8AAF8A5501E13C1ED9F /* Pods_ChatApplication2018Tests.framework */,
			);
			name = Frameworks;
			sourceTree = "<group>";
		};
		B12D51F720EA4CD100841AB1 /* ChatApplication2018Tests */ = {
			isa = PBXGroup;
			children = (
				B132A7FD214C2940006A0F67 /* XMPPMessageTests.swift */,
				B132A7EC2121A102006A0F67 /* XMPPControllerTestv2.swift */,
				B113111A20F8D5810038FDD3 /* XMPPRosterTests.swift */,
				B12D51FA20EA4CD100841AB1 /* Info.plist */,
			);
			path = ChatApplication2018Tests;
			sourceTree = "<group>";
		};
		B1C631A920BC4B6700CE9F62 = {
			isa = PBXGroup;
			children = (
				B1C631B420BC4B6700CE9F62 /* ChatApplication2018 */,
				B12D51F720EA4CD100841AB1 /* ChatApplication2018Tests */,
				B1C631B320BC4B6700CE9F62 /* Products */,
				A21A99D3B5C1273815F7C42B /* Frameworks */,
				637696CEEEAD4B4E7CC21201 /* Pods */,
			);
			sourceTree = "<group>";
		};
		B1C631B320BC4B6700CE9F62 /* Products */ = {
			isa = PBXGroup;
			children = (
				B1C631B220BC4B6700CE9F62 /* ChatApplication2018.app */,
				B12D51F620EA4CD100841AB1 /* ChatApplication2018Tests.xctest */,
			);
			name = Products;
			sourceTree = "<group>";
		};
		B1C631B420BC4B6700CE9F62 /* ChatApplication2018 */ = {
			isa = PBXGroup;
			children = (
				B1C631B520BC4B6700CE9F62 /* AppDelegate.swift */,
				B132A7F92131B57E006A0F67 /* Log.swift */,
				B132A7FB2131B613006A0F67 /* Global.swift */,
				B1C631C920BC4F5900CE9F62 /* XMPPController.swift */,
				B11594D62115F53100E8AA01 /* XMPPRegister.swift */,
				B1C631B920BC4B6700CE9F62 /* Main.storyboard */,
				B11594D82115FB3000E8AA01 /* RegisterViewController.swift */,
				B1C631C720BC4E7400CE9F62 /* LoginViewController.swift */,
				B1C631D520C3FDE300CE9F62 /* HomeTabBarController.swift */,
				B1C631D320C3FC8500CE9F62 /* SettingsViewController.swift */,
				B1C631D120C3FC7000CE9F62 /* ChatsViewController.swift */,
				B11594D42113846A00E8AA01 /* AddChatViewController.swift */,
				B1D72DE220D5780E00EF1FC6 /* ChatsTableViewCell.swift */,
				B1FFA37020FE673900ED56BA /* ChatViewController.swift */,
				B11594D2210F90C400E8AA01 /* MessageTableViewCell.swift */,
				B1C631BC20BC4B6700CE9F62 /* Assets.xcassets */,
				B1C631BE20BC4B6700CE9F62 /* LaunchScreen.storyboard */,
				B1C631C120BC4B6700CE9F62 /* Info.plist */,
				B12E84F920D849AE00B2BC67 /* Constants.swift */,
			);
			path = ChatApplication2018;
			sourceTree = "<group>";
		};
/* End PBXGroup section */

/* Begin PBXNativeTarget section */
		B12D51F520EA4CD100841AB1 /* ChatApplication2018Tests */ = {
			isa = PBXNativeTarget;
			buildConfigurationList = B12D51FF20EA4CD100841AB1 /* Build configuration list for PBXNativeTarget "ChatApplication2018Tests" */;
			buildPhases = (
				602481C4ECE006CE1E6CF295 /* [CP] Check Pods Manifest.lock */,
				B12D51F220EA4CD100841AB1 /* Sources */,
				B12D51F320EA4CD100841AB1 /* Frameworks */,
				B12D51F420EA4CD100841AB1 /* Resources */,
				19688BF16FE7685295EF386E /* [CP] Embed Pods Frameworks */,
			);
			buildRules = (
			);
			dependencies = (
				B12D51FC20EA4CD100841AB1 /* PBXTargetDependency */,
			);
			name = ChatApplication2018Tests;
			productName = XMPPControllerTests;
			productReference = B12D51F620EA4CD100841AB1 /* ChatApplication2018Tests.xctest */;
			productType = "com.apple.product-type.bundle.unit-test";
		};
		B1C631B120BC4B6700CE9F62 /* ChatApplication2018 */ = {
			isa = PBXNativeTarget;
			buildConfigurationList = B1C631C420BC4B6700CE9F62 /* Build configuration list for PBXNativeTarget "ChatApplication2018" */;
			buildPhases = (
				E59BE5E676C55EB5FD18F801 /* [CP] Check Pods Manifest.lock */,
				B1C631AE20BC4B6700CE9F62 /* Sources */,
				B1C631AF20BC4B6700CE9F62 /* Frameworks */,
				B1C631B020BC4B6700CE9F62 /* Resources */,
				D5F0301E1F9C4A025B55F137 /* [CP] Embed Pods Frameworks */,
			);
			buildRules = (
			);
			dependencies = (
			);
			name = ChatApplication2018;
			productName = ChatApplication2018;
			productReference = B1C631B220BC4B6700CE9F62 /* ChatApplication2018.app */;
			productType = "com.apple.product-type.application";
		};
/* End PBXNativeTarget section */

/* Begin PBXProject section */
		B1C631AA20BC4B6700CE9F62 /* Project object */ = {
			isa = PBXProject;
			attributes = {
				LastSwiftUpdateCheck = 0920;
				LastUpgradeCheck = 0920;
				ORGANIZATIONNAME = "Thomas McGarry";
				TargetAttributes = {
					B12D51F520EA4CD100841AB1 = {
						CreatedOnToolsVersion = 9.2;
						LastSwiftMigration = 0920;
						ProvisioningStyle = Automatic;
						TestTargetID = B1C631B120BC4B6700CE9F62;
					};
					B1C631B120BC4B6700CE9F62 = {
						CreatedOnToolsVersion = 9.2;
						ProvisioningStyle = Automatic;
					};
				};
			};
			buildConfigurationList = B1C631AD20BC4B6700CE9F62 /* Build configuration list for PBXProject "ChatApplication2018" */;
			compatibilityVersion = "Xcode 8.0";
			developmentRegion = en;
			hasScannedForEncodings = 0;
			knownRegions = (
				en,
				Base,
			);
			mainGroup = B1C631A920BC4B6700CE9F62;
			productRefGroup = B1C631B320BC4B6700CE9F62 /* Products */;
			projectDirPath = "";
			projectRoot = "";
			targets = (
				B1C631B120BC4B6700CE9F62 /* ChatApplication2018 */,
				B12D51F520EA4CD100841AB1 /* ChatApplication2018Tests */,
			);
		};
/* End PBXProject section */

/* Begin PBXResourcesBuildPhase section */
		B12D51F420EA4CD100841AB1 /* Resources */ = {
			isa = PBXResourcesBuildPhase;
			buildActionMask = 2147483647;
			files = (
			);
			runOnlyForDeploymentPostprocessing = 0;
		};
		B1C631B020BC4B6700CE9F62 /* Resources */ = {
			isa = PBXResourcesBuildPhase;
			buildActionMask = 2147483647;
			files = (
				B1C631C020BC4B6700CE9F62 /* LaunchScreen.storyboard in Resources */,
				B1C631BD20BC4B6700CE9F62 /* Assets.xcassets in Resources */,
				B1C631BB20BC4B6700CE9F62 /* Main.storyboard in Resources */,
			);
			runOnlyForDeploymentPostprocessing = 0;
		};
/* End PBXResourcesBuildPhase section */

/* Begin PBXShellScriptBuildPhase section */
		19688BF16FE7685295EF386E /* [CP] Embed Pods Frameworks */ = {
			isa = PBXShellScriptBuildPhase;
			buildActionMask = 2147483647;
			files = (
			);
			inputPaths = (
				"${SRCROOT}/Pods/Target Support Files/Pods-ChatApplication2018Tests/Pods-ChatApplication2018Tests-frameworks.sh",
				"${BUILT_PRODUCTS_DIR}/CocoaAsyncSocket/CocoaAsyncSocket.framework",
				"${BUILT_PRODUCTS_DIR}/CocoaLumberjack/CocoaLumberjack.framework",
				"${BUILT_PRODUCTS_DIR}/KissXML/KissXML.framework",
				"${BUILT_PRODUCTS_DIR}/SwiftKeychainWrapper/SwiftKeychainWrapper.framework",
				"${BUILT_PRODUCTS_DIR}/XMPPFramework/XMPPFramework.framework",
				"${BUILT_PRODUCTS_DIR}/libidn/libidn.framework",
			);
			name = "[CP] Embed Pods Frameworks";
			outputPaths = (
				"${TARGET_BUILD_DIR}/${FRAMEWORKS_FOLDER_PATH}/CocoaAsyncSocket.framework",
				"${TARGET_BUILD_DIR}/${FRAMEWORKS_FOLDER_PATH}/CocoaLumberjack.framework",
				"${TARGET_BUILD_DIR}/${FRAMEWORKS_FOLDER_PATH}/KissXML.framework",
				"${TARGET_BUILD_DIR}/${FRAMEWORKS_FOLDER_PATH}/SwiftKeychainWrapper.framework",
				"${TARGET_BUILD_DIR}/${FRAMEWORKS_FOLDER_PATH}/XMPPFramework.framework",
				"${TARGET_BUILD_DIR}/${FRAMEWORKS_FOLDER_PATH}/libidn.framework",
			);
			runOnlyForDeploymentPostprocessing = 0;
			shellPath = /bin/sh;
			shellScript = "\"${SRCROOT}/Pods/Target Support Files/Pods-ChatApplication2018Tests/Pods-ChatApplication2018Tests-frameworks.sh\"\n";
			showEnvVarsInLog = 0;
		};
		602481C4ECE006CE1E6CF295 /* [CP] Check Pods Manifest.lock */ = {
			isa = PBXShellScriptBuildPhase;
			buildActionMask = 2147483647;
			files = (
			);
			inputPaths = (
				"${PODS_PODFILE_DIR_PATH}/Podfile.lock",
				"${PODS_ROOT}/Manifest.lock",
			);
			name = "[CP] Check Pods Manifest.lock";
			outputPaths = (
				"$(DERIVED_FILE_DIR)/Pods-ChatApplication2018Tests-checkManifestLockResult.txt",
			);
			runOnlyForDeploymentPostprocessing = 0;
			shellPath = /bin/sh;
			shellScript = "diff \"${PODS_PODFILE_DIR_PATH}/Podfile.lock\" \"${PODS_ROOT}/Manifest.lock\" > /dev/null\nif [ $? != 0 ] ; then\n    # print error to STDERR\n    echo \"error: The sandbox is not in sync with the Podfile.lock. Run 'pod install' or update your CocoaPods installation.\" >&2\n    exit 1\nfi\n# This output is used by Xcode 'outputs' to avoid re-running this script phase.\necho \"SUCCESS\" > \"${SCRIPT_OUTPUT_FILE_0}\"\n";
			showEnvVarsInLog = 0;
		};
		D5F0301E1F9C4A025B55F137 /* [CP] Embed Pods Frameworks */ = {
			isa = PBXShellScriptBuildPhase;
			buildActionMask = 2147483647;
			files = (
			);
			inputPaths = (
				"${SRCROOT}/Pods/Target Support Files/Pods-ChatApplication2018/Pods-ChatApplication2018-frameworks.sh",
				"${BUILT_PRODUCTS_DIR}/CocoaAsyncSocket/CocoaAsyncSocket.framework",
				"${BUILT_PRODUCTS_DIR}/CocoaLumberjack/CocoaLumberjack.framework",
				"${BUILT_PRODUCTS_DIR}/KissXML/KissXML.framework",
				"${BUILT_PRODUCTS_DIR}/SwiftKeychainWrapper/SwiftKeychainWrapper.framework",
				"${BUILT_PRODUCTS_DIR}/XMPPFramework/XMPPFramework.framework",
				"${BUILT_PRODUCTS_DIR}/libidn/libidn.framework",
			);
			name = "[CP] Embed Pods Frameworks";
			outputPaths = (
				"${TARGET_BUILD_DIR}/${FRAMEWORKS_FOLDER_PATH}/CocoaAsyncSocket.framework",
				"${TARGET_BUILD_DIR}/${FRAMEWORKS_FOLDER_PATH}/CocoaLumberjack.framework",
				"${TARGET_BUILD_DIR}/${FRAMEWORKS_FOLDER_PATH}/KissXML.framework",
				"${TARGET_BUILD_DIR}/${FRAMEWORKS_FOLDER_PATH}/SwiftKeychainWrapper.framework",
				"${TARGET_BUILD_DIR}/${FRAMEWORKS_FOLDER_PATH}/XMPPFramework.framework",
				"${TARGET_BUILD_DIR}/${FRAMEWORKS_FOLDER_PATH}/libidn.framework",
			);
			runOnlyForDeploymentPostprocessing = 0;
			shellPath = /bin/sh;
			shellScript = "\"${SRCROOT}/Pods/Target Support Files/Pods-ChatApplication2018/Pods-ChatApplication2018-frameworks.sh\"\n";
			showEnvVarsInLog = 0;
		};
		E59BE5E676C55EB5FD18F801 /* [CP] Check Pods Manifest.lock */ = {
			isa = PBXShellScriptBuildPhase;
			buildActionMask = 2147483647;
			files = (
			);
			inputPaths = (
				"${PODS_PODFILE_DIR_PATH}/Podfile.lock",
				"${PODS_ROOT}/Manifest.lock",
			);
			name = "[CP] Check Pods Manifest.lock";
			outputPaths = (
				"$(DERIVED_FILE_DIR)/Pods-ChatApplication2018-checkManifestLockResult.txt",
			);
			runOnlyForDeploymentPostprocessing = 0;
			shellPath = /bin/sh;
			shellScript = "diff \"${PODS_PODFILE_DIR_PATH}/Podfile.lock\" \"${PODS_ROOT}/Manifest.lock\" > /dev/null\nif [ $? != 0 ] ; then\n    # print error to STDERR\n    echo \"error: The sandbox is not in sync with the Podfile.lock. Run 'pod install' or update your CocoaPods installation.\" >&2\n    exit 1\nfi\n# This output is used by Xcode 'outputs' to avoid re-running this script phase.\necho \"SUCCESS\" > \"${SCRIPT_OUTPUT_FILE_0}\"\n";
			showEnvVarsInLog = 0;
		};
/* End PBXShellScriptBuildPhase section */

/* Begin PBXSourcesBuildPhase section */
		B12D51F220EA4CD100841AB1 /* Sources */ = {
			isa = PBXSourcesBuildPhase;
			buildActionMask = 2147483647;
			files = (
				B113111B20F8D5810038FDD3 /* XMPPRosterTests.swift in Sources */,
				B132A7FE214C2940006A0F67 /* XMPPMessageTests.swift in Sources */,
				B132A7ED2121A102006A0F67 /* XMPPControllerTestv2.swift in Sources */,
			);
			runOnlyForDeploymentPostprocessing = 0;
		};
		B1C631AE20BC4B6700CE9F62 /* Sources */ = {
			isa = PBXSourcesBuildPhase;
			buildActionMask = 2147483647;
			files = (
				B1C631C820BC4E7400CE9F62 /* LoginViewController.swift in Sources */,
				B1C631B620BC4B6700CE9F62 /* AppDelegate.swift in Sources */,
				B1C631D620C3FDE300CE9F62 /* HomeTabBarController.swift in Sources */,
				B11594D52113846A00E8AA01 /* AddChatViewController.swift in Sources */,
				B11594D3210F90C400E8AA01 /* MessageTableViewCell.swift in Sources */,
				B1C631D220C3FC7000CE9F62 /* ChatsViewController.swift in Sources */,
				B1D72DE320D5780E00EF1FC6 /* ChatsTableViewCell.swift in Sources */,
				B1C631CA20BC4F5900CE9F62 /* XMPPController.swift in Sources */,
				B132A7FC2131B613006A0F67 /* Global.swift in Sources */,
				B132A7FA2131B57E006A0F67 /* Log.swift in Sources */,
				B1C631D420C3FC8500CE9F62 /* SettingsViewController.swift in Sources */,
				B1FFA37120FE673900ED56BA /* ChatViewController.swift in Sources */,
				B11594D92115FB3000E8AA01 /* RegisterViewController.swift in Sources */,
				B12E84FA20D849AE00B2BC67 /* Constants.swift in Sources */,
				B11594D72115F53100E8AA01 /* XMPPRegister.swift in Sources */,
			);
			runOnlyForDeploymentPostprocessing = 0;
		};
/* End PBXSourcesBuildPhase section */

/* Begin PBXTargetDependency section */
		B12D51FC20EA4CD100841AB1 /* PBXTargetDependency */ = {
			isa = PBXTargetDependency;
			target = B1C631B120BC4B6700CE9F62 /* ChatApplication2018 */;
			targetProxy = B12D51FB20EA4CD100841AB1 /* PBXContainerItemProxy */;
		};
/* End PBXTargetDependency section */

/* Begin PBXVariantGroup section */
		B1C631B920BC4B6700CE9F62 /* Main.storyboard */ = {
			isa = PBXVariantGroup;
			children = (
				B1C631BA20BC4B6700CE9F62 /* Base */,
			);
			name = Main.storyboard;
			sourceTree = "<group>";
		};
		B1C631BE20BC4B6700CE9F62 /* LaunchScreen.storyboard */ = {
			isa = PBXVariantGroup;
			children = (
				B1C631BF20BC4B6700CE9F62 /* Base */,
			);
			name = LaunchScreen.storyboard;
			sourceTree = "<group>";
		};
/* End PBXVariantGroup section */

/* Begin XCBuildConfiguration section */
		B12D51FD20EA4CD100841AB1 /* Debug */ = {
			isa = XCBuildConfiguration;
			baseConfigurationReference = 39B0F9CA17D776E3FEEA79D2 /* Pods-ChatApplication2018Tests.debug.xcconfig */;
			buildSettings = {
				BUNDLE_LOADER = "$(TEST_HOST)";
				CLANG_ENABLE_MODULES = YES;
				CLANG_WARN_BLOCK_CAPTURE_AUTORELEASING = YES;
				CLANG_WARN_COMMA = YES;
				CLANG_WARN_NON_LITERAL_NULL_CONVERSION = YES;
				CLANG_WARN_OBJC_LITERAL_CONVERSION = YES;
				CLANG_WARN_RANGE_LOOP_ANALYSIS = YES;
				CLANG_WARN_STRICT_PROTOTYPES = YES;
				CODE_SIGN_STYLE = Automatic;
				DEVELOPMENT_TEAM = NZ2C5436VV;
				INFOPLIST_FILE = ChatApplication2018Tests/Info.plist;
				LD_RUNPATH_SEARCH_PATHS = "$(inherited) @executable_path/Frameworks @loader_path/Frameworks";
				PRODUCT_BUNDLE_IDENTIFIER = tmcgar01.learning.XMPPControllerTests;
				PRODUCT_NAME = "$(TARGET_NAME)";
				SWIFT_OPTIMIZATION_LEVEL = "-Onone";
				SWIFT_VERSION = 4.0;
				TARGETED_DEVICE_FAMILY = "1,2";
				TEST_HOST = "$(BUILT_PRODUCTS_DIR)/ChatApplication2018.app/ChatApplication2018";
			};
			name = Debug;
		};
		B12D51FE20EA4CD100841AB1 /* Release */ = {
			isa = XCBuildConfiguration;
			baseConfigurationReference = 3EFA89FBBCE3661C0FF37AC7 /* Pods-ChatApplication2018Tests.release.xcconfig */;
			buildSettings = {
				BUNDLE_LOADER = "$(TEST_HOST)";
				CLANG_ENABLE_MODULES = YES;
				CLANG_WARN_BLOCK_CAPTURE_AUTORELEASING = YES;
				CLANG_WARN_COMMA = YES;
				CLANG_WARN_NON_LITERAL_NULL_CONVERSION = YES;
				CLANG_WARN_OBJC_LITERAL_CONVERSION = YES;
				CLANG_WARN_RANGE_LOOP_ANALYSIS = YES;
				CLANG_WARN_STRICT_PROTOTYPES = YES;
				CODE_SIGN_STYLE = Automatic;
				DEVELOPMENT_TEAM = NZ2C5436VV;
				INFOPLIST_FILE = ChatApplication2018Tests/Info.plist;
				LD_RUNPATH_SEARCH_PATHS = "$(inherited) @executable_path/Frameworks @loader_path/Frameworks";
				PRODUCT_BUNDLE_IDENTIFIER = tmcgar01.learning.XMPPControllerTests;
				PRODUCT_NAME = "$(TARGET_NAME)";
				SWIFT_VERSION = 4.0;
				TARGETED_DEVICE_FAMILY = "1,2";
				TEST_HOST = "$(BUILT_PRODUCTS_DIR)/ChatApplication2018.app/ChatApplication2018";
			};
			name = Release;
		};
		B1C631C220BC4B6700CE9F62 /* Debug */ = {
			isa = XCBuildConfiguration;
			buildSettings = {
				ALWAYS_SEARCH_USER_PATHS = NO;
				CLANG_ANALYZER_NONNULL = YES;
				CLANG_ANALYZER_NUMBER_OBJECT_CONVERSION = YES_AGGRESSIVE;
				CLANG_CXX_LANGUAGE_STANDARD = "gnu++14";
				CLANG_CXX_LIBRARY = "libc++";
				CLANG_ENABLE_MODULES = YES;
				CLANG_ENABLE_OBJC_ARC = YES;
				CLANG_WARN_BLOCK_CAPTURE_AUTORELEASING = NO;
				CLANG_WARN_BOOL_CONVERSION = YES;
				CLANG_WARN_COMMA = NO;
				CLANG_WARN_CONSTANT_CONVERSION = YES;
				CLANG_WARN_DIRECT_OBJC_ISA_USAGE = YES_ERROR;
				CLANG_WARN_DOCUMENTATION_COMMENTS = YES;
				CLANG_WARN_EMPTY_BODY = YES;
				CLANG_WARN_ENUM_CONVERSION = YES;
				CLANG_WARN_INFINITE_RECURSION = YES;
				CLANG_WARN_INT_CONVERSION = YES;
				CLANG_WARN_NON_LITERAL_NULL_CONVERSION = NO;
				CLANG_WARN_OBJC_LITERAL_CONVERSION = NO;
				CLANG_WARN_OBJC_ROOT_CLASS = YES_ERROR;
				CLANG_WARN_RANGE_LOOP_ANALYSIS = NO;
				CLANG_WARN_STRICT_PROTOTYPES = NO;
				CLANG_WARN_SUSPICIOUS_MOVE = YES;
				CLANG_WARN_UNGUARDED_AVAILABILITY = YES_AGGRESSIVE;
				CLANG_WARN_UNREACHABLE_CODE = YES;
				CLANG_WARN__DUPLICATE_METHOD_MATCH = YES;
				CODE_SIGN_IDENTITY = "iPhone Developer";
				COPY_PHASE_STRIP = NO;
				DEBUG_INFORMATION_FORMAT = dwarf;
				ENABLE_STRICT_OBJC_MSGSEND = YES;
				ENABLE_TESTABILITY = YES;
				GCC_C_LANGUAGE_STANDARD = gnu11;
				GCC_DYNAMIC_NO_PIC = NO;
				GCC_NO_COMMON_BLOCKS = YES;
				GCC_OPTIMIZATION_LEVEL = 0;
				GCC_PREPROCESSOR_DEFINITIONS = (
					"DEBUG=1",
					"$(inherited)",
				);
				GCC_WARN_64_TO_32_BIT_CONVERSION = YES;
				GCC_WARN_ABOUT_RETURN_TYPE = YES_ERROR;
				GCC_WARN_UNDECLARED_SELECTOR = YES;
				GCC_WARN_UNINITIALIZED_AUTOS = YES_AGGRESSIVE;
				GCC_WARN_UNUSED_FUNCTION = YES;
				GCC_WARN_UNUSED_VARIABLE = YES;
				HEADER_SEARCH_PATHS = /usr/include/libxml2;
				IPHONEOS_DEPLOYMENT_TARGET = 11.2;
				MTL_ENABLE_DEBUG_INFO = YES;
				ONLY_ACTIVE_ARCH = YES;
				OTHER_LDFLAGS = "-lxml2";
				SDKROOT = iphoneos;
				SWIFT_ACTIVE_COMPILATION_CONDITIONS = DEBUG;
				SWIFT_OPTIMIZATION_LEVEL = "-Onone";
			};
			name = Debug;
		};
		B1C631C320BC4B6700CE9F62 /* Release */ = {
			isa = XCBuildConfiguration;
			buildSettings = {
				ALWAYS_SEARCH_USER_PATHS = NO;
				CLANG_ANALYZER_NONNULL = YES;
				CLANG_ANALYZER_NUMBER_OBJECT_CONVERSION = YES_AGGRESSIVE;
				CLANG_CXX_LANGUAGE_STANDARD = "gnu++14";
				CLANG_CXX_LIBRARY = "libc++";
				CLANG_ENABLE_MODULES = YES;
				CLANG_ENABLE_OBJC_ARC = YES;
				CLANG_WARN_BLOCK_CAPTURE_AUTORELEASING = NO;
				CLANG_WARN_BOOL_CONVERSION = YES;
				CLANG_WARN_COMMA = NO;
				CLANG_WARN_CONSTANT_CONVERSION = YES;
				CLANG_WARN_DIRECT_OBJC_ISA_USAGE = YES_ERROR;
				CLANG_WARN_DOCUMENTATION_COMMENTS = YES;
				CLANG_WARN_EMPTY_BODY = YES;
				CLANG_WARN_ENUM_CONVERSION = YES;
				CLANG_WARN_INFINITE_RECURSION = YES;
				CLANG_WARN_INT_CONVERSION = YES;
				CLANG_WARN_NON_LITERAL_NULL_CONVERSION = NO;
				CLANG_WARN_OBJC_LITERAL_CONVERSION = NO;
				CLANG_WARN_OBJC_ROOT_CLASS = YES_ERROR;
				CLANG_WARN_RANGE_LOOP_ANALYSIS = NO;
				CLANG_WARN_STRICT_PROTOTYPES = NO;
				CLANG_WARN_SUSPICIOUS_MOVE = YES;
				CLANG_WARN_UNGUARDED_AVAILABILITY = YES_AGGRESSIVE;
				CLANG_WARN_UNREACHABLE_CODE = YES;
				CLANG_WARN__DUPLICATE_METHOD_MATCH = YES;
				CODE_SIGN_IDENTITY = "iPhone Developer";
				COPY_PHASE_STRIP = NO;
				DEBUG_INFORMATION_FORMAT = "dwarf-with-dsym";
				ENABLE_NS_ASSERTIONS = NO;
				ENABLE_STRICT_OBJC_MSGSEND = YES;
				GCC_C_LANGUAGE_STANDARD = gnu11;
				GCC_NO_COMMON_BLOCKS = YES;
				GCC_WARN_64_TO_32_BIT_CONVERSION = YES;
				GCC_WARN_ABOUT_RETURN_TYPE = YES_ERROR;
				GCC_WARN_UNDECLARED_SELECTOR = YES;
				GCC_WARN_UNINITIALIZED_AUTOS = YES_AGGRESSIVE;
				GCC_WARN_UNUSED_FUNCTION = YES;
				GCC_WARN_UNUSED_VARIABLE = YES;
				HEADER_SEARCH_PATHS = /usr/include/libxml2;
				IPHONEOS_DEPLOYMENT_TARGET = 11.2;
				MTL_ENABLE_DEBUG_INFO = NO;
				OTHER_LDFLAGS = "-lxml2";
				SDKROOT = iphoneos;
				SWIFT_OPTIMIZATION_LEVEL = "-Owholemodule";
				VALIDATE_PRODUCT = YES;
			};
			name = Release;
		};
		B1C631C520BC4B6700CE9F62 /* Debug */ = {
			isa = XCBuildConfiguration;
			baseConfigurationReference = 4B0029CE60261E58282212B1 /* Pods-ChatApplication2018.debug.xcconfig */;
			buildSettings = {
				ASSETCATALOG_COMPILER_APPICON_NAME = AppIcon;
				CODE_SIGN_STYLE = Automatic;
				DEVELOPMENT_TEAM = NZ2C5436VV;
				INFOPLIST_FILE = ChatApplication2018/Info.plist;
				LD_RUNPATH_SEARCH_PATHS = "$(inherited) @executable_path/Frameworks";
				PRODUCT_BUNDLE_IDENTIFIER = tmcgar01.learning.ChatApplication2018;
				PRODUCT_NAME = "$(TARGET_NAME)";
				SWIFT_VERSION = 4.0;
				TARGETED_DEVICE_FAMILY = 1;
			};
			name = Debug;
		};
		B1C631C620BC4B6700CE9F62 /* Release */ = {
			isa = XCBuildConfiguration;
			baseConfigurationReference = C14452E8908839668D20F5AA /* Pods-ChatApplication2018.release.xcconfig */;
			buildSettings = {
				ASSETCATALOG_COMPILER_APPICON_NAME = AppIcon;
				CODE_SIGN_STYLE = Automatic;
				DEVELOPMENT_TEAM = NZ2C5436VV;
				INFOPLIST_FILE = ChatApplication2018/Info.plist;
				LD_RUNPATH_SEARCH_PATHS = "$(inherited) @executable_path/Frameworks";
				PRODUCT_BUNDLE_IDENTIFIER = tmcgar01.learning.ChatApplication2018;
				PRODUCT_NAME = "$(TARGET_NAME)";
				SWIFT_VERSION = 4.0;
				TARGETED_DEVICE_FAMILY = 1;
			};
			name = Release;
		};
/* End XCBuildConfiguration section */

/* Begin XCConfigurationList section */
		B12D51FF20EA4CD100841AB1 /* Build configuration list for PBXNativeTarget "ChatApplication2018Tests" */ = {
			isa = XCConfigurationList;
			buildConfigurations = (
				B12D51FD20EA4CD100841AB1 /* Debug */,
				B12D51FE20EA4CD100841AB1 /* Release */,
			);
			defaultConfigurationIsVisible = 0;
			defaultConfigurationName = Release;
		};
		B1C631AD20BC4B6700CE9F62 /* Build configuration list for PBXProject "ChatApplication2018" */ = {
			isa = XCConfigurationList;
			buildConfigurations = (
				B1C631C220BC4B6700CE9F62 /* Debug */,
				B1C631C320BC4B6700CE9F62 /* Release */,
			);
			defaultConfigurationIsVisible = 0;
			defaultConfigurationName = Release;
		};
		B1C631C420BC4B6700CE9F62 /* Build configuration list for PBXNativeTarget "ChatApplication2018" */ = {
			isa = XCConfigurationList;
			buildConfigurations = (
				B1C631C520BC4B6700CE9F62 /* Debug */,
				B1C631C620BC4B6700CE9F62 /* Release */,
			);
			defaultConfigurationIsVisible = 0;
			defaultConfigurationName = Release;
		};
/* End XCConfigurationList section */
	};
	rootObject = B1C631AA20BC4B6700CE9F62 /* Project object */;
}
